
Microsoft Visual Studio Solution File, Format Version 12.00
Project("{FAE04EC0-301F-11D3-BF4B-00C04F79EFBC}") = "MarketPlace2", "MarketPlace2.csproj", "{B77FFB2F-9946-4B0E-9917-4B38DCF79126}"
EndProject
Global
	GlobalSection(SolutionConfigurationPlatforms) = preSolution
		Debug|Any CPU = Debug|Any CPU
		Release|Any CPU = Release|Any CPU
	EndGlobalSection
	GlobalSection(ProjectConfigurationPlatforms) = postSolution
		{B77FFB2F-9946-4B0E-9917-4B38DCF79126}.Debug|Any CPU.ActiveCfg = Debug|Any CPU
		{B77FFB2F-9946-4B0E-9917-4B38DCF79126}.Debug|Any CPU.Build.0 = Debug|Any CPU
		{B77FFB2F-9946-4B0E-9917-4B38DCF79126}.Release|Any CPU.ActiveCfg = Release|Any CPU
		{B77FFB2F-9946-4B0E-9917-4B38DCF79126}.Release|Any CPU.Build.0 = Release|Any CPU
	EndGlobalSection
EndGlobal
